
Microsoft Visual Studio Solution File, Format Version 12.00
# Visual Studio Version 16
VisualStudioVersion = 16.0.36107.64
MinimumVisualStudioVersion = 10.0.40219.1
Project("{FAE04EC0-301F-11D3-BF4B-00C04F79EFBC}") = "ApiAgendaEducativaNet.API", "ApiAgendaEducativaNet.API\ApiAgendaEducativaNet.API.csproj", "{D07372A3-A451-428C-92EC-C95DB94B4E6F}"
EndProject
Project("{FAE04EC0-301F-11D3-BF4B-00C04F79EFBC}") = "ApiAgendaEducativaNet.Models", "ApiAgendaEducativaNet.Models\ApiAgendaEducativaNet.Models.csproj", "{5B932497-1AA6-4CD2-98AC-3558D3913071}"
EndProject
Project("{FAE04EC0-301F-11D3-BF4B-00C04F79EFBC}") = "ApiAgendaEducativaNet.Data", "ApiAgendaEducativaNet.Data\ApiAgendaEducativaNet.Data.csproj", "{FA412D65-0D52-42B7-98F4-CB85F94B2839}"
EndProject
Project("{FAE04EC0-301F-11D3-BF4B-00C04F79EFBC}") = "ApiAgendaEducativaNet.Services", "ApiAgendaEducativaNet.Services\ApiAgendaEducativaNet.Services.csproj", "{657D4B46-A0AB-4738-A7A2-08319958AAB0}"
EndProject
Project("{FAE04EC0-301F-11D3-BF4B-00C04F79EFBC}") = "ApiAgendaEducativaNet.Common", "ApiAgendaEducativaNet.Common\ApiAgendaEducativaNet.Common.csproj", "{F014ADE5-E109-48F2-AAA1-0F5854D98AA4}"
EndProject
Global
	GlobalSection(SolutionConfigurationPlatforms) = preSolution
		Debug|Any CPU = Debug|Any CPU
		Release|Any CPU = Release|Any CPU
	EndGlobalSection
	GlobalSection(ProjectConfigurationPlatforms) = postSolution
		{D07372A3-A451-428C-92EC-C95DB94B4E6F}.Debug|Any CPU.ActiveCfg = Debug|Any CPU
		{D07372A3-A451-428C-92EC-C95DB94B4E6F}.Debug|Any CPU.Build.0 = Debug|Any CPU
		{D07372A3-A451-428C-92EC-C95DB94B4E6F}.Release|Any CPU.ActiveCfg = Release|Any CPU
		{D07372A3-A451-428C-92EC-C95DB94B4E6F}.Release|Any CPU.Build.0 = Release|Any CPU
		{5B932497-1AA6-4CD2-98AC-3558D3913071}.Debug|Any CPU.ActiveCfg = Debug|Any CPU
		{5B932497-1AA6-4CD2-98AC-3558D3913071}.Debug|Any CPU.Build.0 = Debug|Any CPU
		{5B932497-1AA6-4CD2-98AC-3558D3913071}.Release|Any CPU.ActiveCfg = Release|Any CPU
		{5B932497-1AA6-4CD2-98AC-3558D3913071}.Release|Any CPU.Build.0 = Release|Any CPU
		{FA412D65-0D52-42B7-98F4-CB85F94B2839}.Debug|Any CPU.ActiveCfg = Debug|Any CPU
		{FA412D65-0D52-42B7-98F4-CB85F94B2839}.Debug|Any CPU.Build.0 = Debug|Any CPU
		{FA412D65-0D52-42B7-98F4-CB85F94B2839}.Release|Any CPU.ActiveCfg = Release|Any CPU
		{FA412D65-0D52-42B7-98F4-CB85F94B2839}.Release|Any CPU.Build.0 = Release|Any CPU
		{657D4B46-A0AB-4738-A7A2-08319958AAB0}.Debug|Any CPU.ActiveCfg = Debug|Any CPU
		{657D4B46-A0AB-4738-A7A2-08319958AAB0}.Debug|Any CPU.Build.0 = Debug|Any CPU
		{657D4B46-A0AB-4738-A7A2-08319958AAB0}.Release|Any CPU.ActiveCfg = Release|Any CPU
		{657D4B46-A0AB-4738-A7A2-08319958AAB0}.Release|Any CPU.Build.0 = Release|Any CPU
		{F014ADE5-E109-48F2-AAA1-0F5854D98AA4}.Debug|Any CPU.ActiveCfg = Debug|Any CPU
		{F014ADE5-E109-48F2-AAA1-0F5854D98AA4}.Debug|Any CPU.Build.0 = Debug|Any CPU
		{F014ADE5-E109-48F2-AAA1-0F5854D98AA4}.Release|Any CPU.ActiveCfg = Release|Any CPU
		{F014ADE5-E109-48F2-AAA1-0F5854D98AA4}.Release|Any CPU.Build.0 = Release|Any CPU
	EndGlobalSection
	GlobalSection(SolutionProperties) = preSolution
		HideSolutionNode = FALSE
	EndGlobalSection
	GlobalSection(ExtensibilityGlobals) = postSolution
		SolutionGuid = {AB525D7B-049A-49CD-882D-31BE5FFF2E47}
	EndGlobalSection
EndGlobal
